<Project xmlns="http://schemas.microsoft.com/developer/msbuild/2003">
    <PropertyGroup>
        <ProjectGuid>{3b758b49-f9ba-4c46-94e9-9d210265236f}</ProjectGuid>
        <MainSource>mir2.dpr</MainSource>
        <Configuration Condition=" '$(Configuration)' == '' ">Release</Configuration>
        <DCC_DCCCompiler>DCC32</DCC_DCCCompiler>
        <DCC_DependencyCheckOutputName>C:\Users\Dazz\Desktop\HeroesClient-1\HeroesClient\mir2.exe</DCC_DependencyCheckOutputName>
        <FrameworkType>VCL</FrameworkType>
        <ProjectVersion>19.2</ProjectVersion>
        <Base>True</Base>
        <Config Condition="'$(Config)'==''">Debug</Config>
        <Platform Condition="'$(Platform)'==''">Win32</Platform>
        <TargetedPlatforms>1</TargetedPlatforms>
        <AppType>Application</AppType>
    </PropertyGroup>
    <PropertyGroup Condition="'$(Config)'=='Base' or '$(Base)'!=''">
        <Base>true</Base>
    </PropertyGroup>
    <PropertyGroup Condition="('$(Platform)'=='Win32' and '$(Base)'=='true') or '$(Base_Win32)'!=''">
        <Base_Win32>true</Base_Win32>
        <CfgParent>Base</CfgParent>
        <Base>true</Base>
    </PropertyGroup>
    <PropertyGroup Condition="('$(Platform)'=='Win64' and '$(Base)'=='true') or '$(Base_Win64)'!=''">
        <Base_Win64>true</Base_Win64>
        <CfgParent>Base</CfgParent>
        <Base>true</Base>
    </PropertyGroup>
    <PropertyGroup Condition="'$(Config)'=='Release' or '$(Cfg_1)'!=''">
        <Cfg_1>true</Cfg_1>
        <CfgParent>Base</CfgParent>
        <Base>true</Base>
    </PropertyGroup>
    <PropertyGroup Condition="('$(Platform)'=='Win32' and '$(Cfg_1)'=='true') or '$(Cfg_1_Win32)'!=''">
        <Cfg_1_Win32>true</Cfg_1_Win32>
        <CfgParent>Cfg_1</CfgParent>
        <Cfg_1>true</Cfg_1>
        <Base>true</Base>
    </PropertyGroup>
    <PropertyGroup Condition="'$(Config)'=='Debug' or '$(Cfg_2)'!=''">
        <Cfg_2>true</Cfg_2>
        <CfgParent>Base</CfgParent>
        <Base>true</Base>
    </PropertyGroup>
    <PropertyGroup Condition="('$(Platform)'=='Win32' and '$(Cfg_2)'=='true') or '$(Cfg_2_Win32)'!=''">
        <Cfg_2_Win32>true</Cfg_2_Win32>
        <CfgParent>Cfg_2</CfgParent>
        <Cfg_2>true</Cfg_2>
        <Base>true</Base>
    </PropertyGroup>
    <PropertyGroup Condition="'$(Base)'!=''">
        <SanitizedProjectName>mir2</SanitizedProjectName>
        <DCC_Namespace>Vcl;Vcl.Imaging;Vcl.Touch;Vcl.Samples;Vcl.Shell;System;Xml;Data;Datasnap;Web;Soap;Winapi;System.Win;$(DCC_Namespace)</DCC_Namespace>
        <VerInfo_IncludeVerInfo>true</VerInfo_IncludeVerInfo>
        <VerInfo_Locale>2052</VerInfo_Locale>
        <VerInfo_Keys>CompanyName=;FileDescription=LegendOfMir Game Client;FileVersion=1.0.0.0;InternalName=;LegalCopyright=http://www.Lomcn.co.uk;LegalTrademarks=;OriginalFilename=mir2.exe;ProductName=LegendOfMir Game Client;ProductVersion=1.0.0.0;Comments=;LastCompiledTime=2009-12-22 17:57:40</VerInfo_Keys>
        <DCC_UnitSearchPath>..\Common\;..\..\Component\HGEDelphi;..\..\Component\HGEDelphi\Wil;..\..\Component\HGEDelphi\DirectX;..\..\Component\HGEDelphi\Sound;..\..\Component\JSocket;..\..\Component\WebBrowserUI;..\..\Component\HGEDelphi\include;$(DCC_UnitSearchPath)</DCC_UnitSearchPath>
        <DCC_ExeOutput>..\..\Release\</DCC_ExeOutput>
    </PropertyGroup>
    <PropertyGroup Condition="'$(Base_Win32)'!=''">
        <DCC_Namespace>Data.Win;Datasnap.Win;Web.Win;Soap.Win;Xml.Win;Bde;$(DCC_Namespace)</DCC_Namespace>
        <BT_BuildType>Debug</BT_BuildType>
        <VerInfo_IncludeVerInfo>true</VerInfo_IncludeVerInfo>
        <VerInfo_Keys>CompanyName=;FileDescription=$(MSBuildProjectName);FileVersion=1.0.0.0;InternalName=;LegalCopyright=;LegalTrademarks=;OriginalFilename=;ProductName=$(MSBuildProjectName);ProductVersion=1.0.0.0;Comments=;ProgramID=com.embarcadero.$(MSBuildProjectName)</VerInfo_Keys>
        <VerInfo_Locale>1033</VerInfo_Locale>
        <Manifest_File>$(BDS)\bin\default_app.manifest</Manifest_File>
        <Icon_MainIcon>mir2_Icon.ico</Icon_MainIcon>
        <AppEnableRuntimeThemes>true</AppEnableRuntimeThemes>
        <UWP_DelphiLogo44>$(BDS)\bin\Artwork\Windows\UWP\delphi_UwpDefault_44.png</UWP_DelphiLogo44>
        <UWP_DelphiLogo150>$(BDS)\bin\Artwork\Windows\UWP\delphi_UwpDefault_150.png</UWP_DelphiLogo150>
    </PropertyGroup>
    <PropertyGroup Condition="'$(Base_Win64)'!=''">
        <Icon_MainIcon>mir2_Icon.ico</Icon_MainIcon>
        <UWP_DelphiLogo44>$(BDS)\bin\Artwork\Windows\UWP\delphi_UwpDefault_44.png</UWP_DelphiLogo44>
        <UWP_DelphiLogo150>$(BDS)\bin\Artwork\Windows\UWP\delphi_UwpDefault_150.png</UWP_DelphiLogo150>
    </PropertyGroup>
    <PropertyGroup Condition="'$(Cfg_1)'!=''">
        <Version>7.0</Version>
        <DCC_Alignment>4</DCC_Alignment>
        <DCC_DebugInformation>0</DCC_DebugInformation>
        <DCC_LocalDebugSymbols>False</DCC_LocalDebugSymbols>
        <DCC_SymbolReferenceInfo>0</DCC_SymbolReferenceInfo>
        <DCC_ResourcePath>..\Common\;..\WIL;..\HGEDelphi\Source;..\HGEDelphi\Source\DirectX;..\HGEDelphi\Source\Sound;..\..\Component\RSA;..\..\Component\WebBrowserUI;$(DCC_ResourcePath)</DCC_ResourcePath>
        <DCC_ObjPath>..\Common\;..\WIL;..\HGEDelphi\Source;..\HGEDelphi\Source\DirectX;..\HGEDelphi\Source\Sound;..\..\Component\RSA;..\..\Component\WebBrowserUI;$(DCC_ObjPath)</DCC_ObjPath>
        <DCC_IncludePath>..\Common\;..\WIL;..\HGEDelphi\Source;..\HGEDelphi\Source\DirectX;..\HGEDelphi\Source\Sound;..\..\Component\RSA;..\..\Component\WebBrowserUI;$(DCC_IncludePath)</DCC_IncludePath>
        <DCC_Define>DEBUG;RELEASE;MIRWIND;$(DCC_Define)</DCC_Define>
        <DCC_SYMBOL_PLATFORM>False</DCC_SYMBOL_PLATFORM>
        <DCC_UNIT_PLATFORM>False</DCC_UNIT_PLATFORM>
        <DCC_HIDDEN_VIRTUAL>False</DCC_HIDDEN_VIRTUAL>
        <DCC_UnitAlias>WinTypes=Windows;WinProcs=Windows;DbiTypes=BDE;DbiProcs=BDE;DbiErrs=BDE;$(DCC_UnitAlias)</DCC_UnitAlias>
        <DCC_DcuOutput>.\DCU\</DCC_DcuOutput>
        <DCC_ObjOutput>.\DCU\</DCC_ObjOutput>
        <DCC_HppOutput>.\DCU\</DCC_HppOutput>
        <DCC_WriteableConstants>True</DCC_WriteableConstants>
    </PropertyGroup>
    <PropertyGroup Condition="'$(Cfg_1_Win32)'!=''">
        <AppEnableRuntimeThemes>true</AppEnableRuntimeThemes>
        <AppDPIAwarenessMode>PerMonitorV2</AppDPIAwarenessMode>
        <VerInfo_Locale>1033</VerInfo_Locale>
        <VerInfo_Keys>CompanyName=;FileDescription=$(MSBuildProjectName);FileVersion=1.0.0.0;InternalName=;LegalCopyright=;LegalTrademarks=;OriginalFilename=;ProductName=$(MSBuildProjectName);ProductVersion=1.0.0.0;Comments=;ProgramID=com.embarcadero.$(MSBuildProjectName)</VerInfo_Keys>
    </PropertyGroup>
    <PropertyGroup Condition="'$(Cfg_2)'!=''">
        <Version>7.0</Version>
        <DCC_WriteableConstants>True</DCC_WriteableConstants>
        <DCC_SymbolReferenceInfo>2</DCC_SymbolReferenceInfo>
        <DCC_DcuOutput>.\DCU\</DCC_DcuOutput>
        <DCC_ObjOutput>.\DCU\</DCC_ObjOutput>
        <DCC_HppOutput>.\DCU\</DCC_HppOutput>
        <DCC_ResourcePath>..\Common\;..\WIL;..\HGEDelphi\Source;..\HGEDelphi\Source\DirectX;..\HGEDelphi\Source\Sound;$(DCC_ResourcePath)</DCC_ResourcePath>
        <DCC_ObjPath>..\Common\;..\WIL;..\HGEDelphi\Source;..\HGEDelphi\Source\DirectX;..\HGEDelphi\Source\Sound;$(DCC_ObjPath)</DCC_ObjPath>
        <DCC_IncludePath>..\Common\;..\WIL;..\HGEDelphi\Source;..\HGEDelphi\Source\DirectX;..\HGEDelphi\Source\Sound;$(DCC_IncludePath)</DCC_IncludePath>
        <DCC_SYMBOL_PLATFORM>False</DCC_SYMBOL_PLATFORM>
        <DCC_HIDDEN_VIRTUAL>False</DCC_HIDDEN_VIRTUAL>
        <DCC_UnitAlias>WinTypes=Windows;WinProcs=Windows;DbiTypes=BDE;DbiProcs=BDE;DbiErrs=BDE;$(DCC_UnitAlias)</DCC_UnitAlias>
        <DCC_Define>DEBUG;MIRWIND;$(DCC_Define)</DCC_Define>
        <DCC_MapFile>3</DCC_MapFile>
        <DCC_Alignment>4</DCC_Alignment>
    </PropertyGroup>
    <PropertyGroup Condition="'$(Cfg_2_Win32)'!=''">
        <AppEnableRuntimeThemes>true</AppEnableRuntimeThemes>
        <AppDPIAwarenessMode>PerMonitorV2</AppDPIAwarenessMode>
        <VerInfo_Keys>CompanyName=;FileDescription=$(MSBuildProjectName);FileVersion=1.0.0.0;InternalName=;LegalCopyright=;LegalTrademarks=;OriginalFilename=;ProductName=$(MSBuildProjectName);ProductVersion=1.0.0.0;Comments=;ProgramID=com.embarcadero.$(MSBuildProjectName)</VerInfo_Keys>
        <VerInfo_Locale>1033</VerInfo_Locale>
    </PropertyGroup>
    <ProjectExtensions>
        <Borland.Personality>Delphi.Personality.12</Borland.Personality>
        <Borland.ProjectType>VCLApplication</Borland.ProjectType>
        <BorlandProject>
            <Delphi.Personality>
                <Parameters>
                    <Parameters Name="UseLauncher">False</Parameters>
                    <Parameters Name="LoadAllSymbols">True</Parameters>
                    <Parameters Name="LoadUnspecifiedSymbols">False</Parameters>
                </Parameters>
                <VersionInfo>
                    <VersionInfo Name="IncludeVerInfo">True</VersionInfo>
                    <VersionInfo Name="AutoIncBuild">False</VersionInfo>
                    <VersionInfo Name="MajorVer">1</VersionInfo>
                    <VersionInfo Name="MinorVer">0</VersionInfo>
                    <VersionInfo Name="Release">0</VersionInfo>
                    <VersionInfo Name="Build">0</VersionInfo>
                    <VersionInfo Name="Debug">False</VersionInfo>
                    <VersionInfo Name="PreRelease">False</VersionInfo>
                    <VersionInfo Name="Special">False</VersionInfo>
                    <VersionInfo Name="Private">False</VersionInfo>
                    <VersionInfo Name="DLL">False</VersionInfo>
                    <VersionInfo Name="Locale">2052</VersionInfo>
                    <VersionInfo Name="CodePage">936</VersionInfo>
                </VersionInfo>
                <VersionInfoKeys>
                    <VersionInfoKeys Name="CompanyName"/>
                    <VersionInfoKeys Name="FileDescription">LegendOfMir Game Client</VersionInfoKeys>
                    <VersionInfoKeys Name="FileVersion">1.0.0.0</VersionInfoKeys>
                    <VersionInfoKeys Name="InternalName"/>
                    <VersionInfoKeys Name="LegalCopyright">http://www.Lomcn.co.uk</VersionInfoKeys>
                    <VersionInfoKeys Name="LegalTrademarks"/>
                    <VersionInfoKeys Name="OriginalFilename">mir2.exe</VersionInfoKeys>
                    <VersionInfoKeys Name="ProductName">LegendOfMir Game Client</VersionInfoKeys>
                    <VersionInfoKeys Name="ProductVersion">1.0.0.0</VersionInfoKeys>
                    <VersionInfoKeys Name="Comments"/>
                    <VersionInfoKeys Name="LastCompiledTime">2009-12-22 17:57:40</VersionInfoKeys>
                </VersionInfoKeys>
                <Source>
                    <Source Name="MainSource">mir2.dpr</Source>
                </Source>
                <Excluded_Packages>
                    <Excluded_Packages Name="$(BDSBIN)\dcloffice2k270.bpl">Microsoft Office 2000 Sample Automation Server Wrapper Components</Excluded_Packages>
                    <Excluded_Packages Name="$(BDSBIN)\dclofficexp270.bpl">Microsoft Office XP Sample Automation Server Wrapper Components</Excluded_Packages>
                </Excluded_Packages>
            </Delphi.Personality>
            <ModelSupport>False</ModelSupport>
            <Platforms>
                <Platform value="Win32">True</Platform>
                <Platform value="Win64">False</Platform>
            </Platforms>
        </BorlandProject>
        <ProjectFileVersion>12</ProjectFileVersion>
    </ProjectExtensions>
    <Import Project="$(BDS)\Bin\CodeGear.Delphi.Targets"/>
    <ItemGroup>
        <DelphiCompile Include="$(MainSource)">
            <MainSource>MainSource</MainSource>
        </DelphiCompile>
        <DCCReference Include="ClMain.pas">
            <Form>frmMain</Form>
        </DCCReference>
        <DCCReference Include="DrawScrn.pas"/>
        <DCCReference Include="IntroScn.pas"/>
        <DCCReference Include="PlayScn.pas"/>
        <DCCReference Include="MapUnit.pas"/>
        <DCCReference Include="ClFunc.pas"/>
        <DCCReference Include="cliUtil.pas"/>
        <DCCReference Include="magiceff.pas"/>
        <DCCReference Include="SoundUtil.pas"/>
        <DCCReference Include="Actor.pas"/>
        <DCCReference Include="HerbActor.pas"/>
        <DCCReference Include="AxeMon.pas"/>
        <DCCReference Include="clEvent.pas"/>
        <DCCReference Include="..\Common\HUtil32.pas"/>
        <DCCReference Include="..\Common\Grobal2.pas"/>
        <DCCReference Include="MShare.pas"/>
        <DCCReference Include="Mpeg.pas"/>
        <DCCReference Include="Share.pas"/>
        <DCCReference Include="DlgConfig.pas">
            <Form>frmDlgConfig</Form>
        </DCCReference>
        <DCCReference Include="GameSetup.pas"/>
        <DCCReference Include="FState2.pas">
            <Form>FrmDlg2</Form>
        </DCCReference>
        <DCCReference Include="WMFile.pas"/>
        <DCCReference Include="FState.pas">
            <Form>FrmDlg</Form>
        </DCCReference>
        <DCCReference Include="..\Common\MudUtil.pas"/>
        <DCCReference Include="..\Common\MD5Unit.pas"/>
        <DCCReference Include="FState3.pas">
            <Form>FrmDlg3</Form>
        </DCCReference>
        <DCCReference Include="UIB.pas"/>
        <DCCReference Include="NpcActor.pas"/>
        <DCCReference Include="FWeb.pas">
            <Form>FrmWeb</Form>
        </DCCReference>
        <DCCReference Include="AxeMon2.pas"/>
        <DCCReference Include="AxeMon3.pas"/>
        <DCCReference Include="GMManage.pas">
            <Form>FormGMManage</Form>
        </DCCReference>
        <DCCReference Include="MNShare.pas"/>
        <DCCReference Include="..\Common\CheckDLL.pas"/>
        <DCCReference Include="..\MyCommon\MyCommon.pas"/>
        <DCCReference Include="..\Common\DLLLoader.pas"/>
        <DCCReference Include="DLLFile.pas"/>
        <DCCReference Include="Bass.pas"/>
        <DCCReference Include="..\Common\CheckDllFile.pas"/>
        <DCCReference Include="LShare.pas"/>
        <DCCReference Include="Logo.pas"/>
        <DCCReference Include="..\Common\EncryptFile.pas"/>
        <DCCReference Include="FState4.pas">
            <Form>FrmDlg4</Form>
        </DCCReference>
        <DCCReference Include="..\Common\DES.pas"/>
        <DCCReference Include="FrmAD.pas">
            <Form>FormAD</Form>
        </DCCReference>
        <DCCReference Include="..\..\Component\HGEDelphi\Gfxfont.pas"/>
        <DCCReference Include="..\..\Component\HGEDelphi\HGE.pas"/>
        <DCCReference Include="..\..\Component\HGEDelphi\HGEBase.pas"/>
        <DCCReference Include="..\..\Component\HGEDelphi\HGECanvas.pas"/>
        <DCCReference Include="..\..\Component\HGEDelphi\HGEFont.pas"/>
        <DCCReference Include="..\..\Component\HGEDelphi\HGEFonts.pas"/>
        <DCCReference Include="..\..\Component\HGEDelphi\HGEGUI.pas"/>
        <DCCReference Include="..\..\Component\HGEDelphi\HGERect.pas"/>
        <DCCReference Include="..\..\Component\HGEDelphi\HGESounds.pas"/>
        <DCCReference Include="..\..\Component\HGEDelphi\HGESprite.pas"/>
        <DCCReference Include="..\..\Component\HGEDelphi\HGETextures.pas"/>
        <DCCReference Include="..\..\Component\HGEDelphi\HGEUtils.pas"/>
        <DCCReference Include="..\..\Component\HGEDelphi\WIL\WIL.pas"/>
        <DCCReference Include="..\..\Component\HGEDelphi\WIL\wmM2Def.pas"/>
        <DCCReference Include="..\..\Component\HGEDelphi\WIL\wmM2Wis.pas"/>
        <DCCReference Include="..\..\Component\HGEDelphi\WIL\wmM2Zip.pas"/>
        <DCCReference Include="..\..\Component\HGEDelphi\WIL\wmMyImage.pas"/>
        <DCCReference Include="FindMapPath.pas"/>
        <DCCReference Include="GuaJi.pas"/>
        <BuildConfiguration Include="Debug">
            <Key>Cfg_2</Key>
            <CfgParent>Base</CfgParent>
        </BuildConfiguration>
        <BuildConfiguration Include="Base">
            <Key>Base</Key>
        </BuildConfiguration>
        <BuildConfiguration Include="Release">
            <Key>Cfg_1</Key>
            <CfgParent>Base</CfgParent>
        </BuildConfiguration>
    </ItemGroup>
    <Import Project="$(BDS)\Bin\CodeGear.Delphi.Targets" Condition="Exists('$(BDS)\Bin\CodeGear.Delphi.Targets')"/>
    <Import Project="$(APPDATA)\Embarcadero\$(BDSAPPDATABASEDIR)\$(PRODUCTVERSION)\UserTools.proj" Condition="Exists('$(APPDATA)\Embarcadero\$(BDSAPPDATABASEDIR)\$(PRODUCTVERSION)\UserTools.proj')"/>
</Project>
